
Microsoft Visual Studio Solution File, Format Version 12.00
# Visual Studio 15
VisualStudioVersion = 15.0.28307.106
MinimumVisualStudioVersion = 10.0.40219.1
Project("{FAE04EC0-301F-11D3-BF4B-00C04F79EFBC}") = "AirBosnia_API", "AirBosnia_API\AirBosnia_API.csproj", "{134C3D08-3878-4E56-88EF-DE081CE561AB}"
EndProject
Project("{FAE04EC0-301F-11D3-BF4B-00C04F79EFBC}") = "AirBosnia_UI", "AirBosnia_UI\AirBosnia_UI.csproj", "{3B28CDCB-51CF-4089-AAF3-88F1E5E4A5EB}"
EndProject
Global
	GlobalSection(SolutionConfigurationPlatforms) = preSolution
		Debug|Any CPU = Debug|Any CPU
		Release|Any CPU = Release|Any CPU
	EndGlobalSection
	GlobalSection(ProjectConfigurationPlatforms) = postSolution
		{134C3D08-3878-4E56-88EF-DE081CE561AB}.Debug|Any CPU.ActiveCfg = Debug|Any CPU
		{134C3D08-3878-4E56-88EF-DE081CE561AB}.Debug|Any CPU.Build.0 = Debug|Any CPU
		{134C3D08-3878-4E56-88EF-DE081CE561AB}.Release|Any CPU.ActiveCfg = Release|Any CPU
		{134C3D08-3878-4E56-88EF-DE081CE561AB}.Release|Any CPU.Build.0 = Release|Any CPU
		{3B28CDCB-51CF-4089-AAF3-88F1E5E4A5EB}.Debug|Any CPU.ActiveCfg = Debug|Any CPU
		{3B28CDCB-51CF-4089-AAF3-88F1E5E4A5EB}.Debug|Any CPU.Build.0 = Debug|Any CPU
		{3B28CDCB-51CF-4089-AAF3-88F1E5E4A5EB}.Release|Any CPU.ActiveCfg = Release|Any CPU
		{3B28CDCB-51CF-4089-AAF3-88F1E5E4A5EB}.Release|Any CPU.Build.0 = Release|Any CPU
	EndGlobalSection
	GlobalSection(SolutionProperties) = preSolution
		HideSolutionNode = FALSE
	EndGlobalSection
	GlobalSection(ExtensibilityGlobals) = postSolution
		SolutionGuid = {840468A1-0000-40D9-B2FD-CCCD37E90A06}
	EndGlobalSection
EndGlobal
